
Microsoft Visual Studio Solution File, Format Version 12.00
# Visual Studio Version 16
VisualStudioVersion = 16.0.31624.102
MinimumVisualStudioVersion = 10.0.40219.1
Project("{8BC9CEB8-8B4A-11D0-8D11-00A0C91BC942}") = "Lab1", "Lab1\Lab1.vcxproj", "{9198E6DF-C26F-4069-942A-ADD1972E4823}"
EndProject
Project("{8BC9CEB8-8B4A-11D0-8D11-00A0C91BC942}") = "Lab2", "Lab2\Lab2.vcxproj", "{76D9B9FD-6F3F-4DDC-92DC-897E48E54645}"
EndProject
Project("{888888A0-9F3D-457C-B088-3A5042F75D52}") = "lab_1", "lab_1\lab_1.pyproj", "{10D4403A-89B0-4FBF-BDEF-B4257DD0A774}"
EndProject
Project("{888888A0-9F3D-457C-B088-3A5042F75D52}") = "lab_2", "lab_2\lab_2.pyproj", "{BC2D203D-480F-42BE-BBE0-8D4F5FE50D25}"
EndProject
Project("{8BC9CEB8-8B4A-11D0-8D11-00A0C91BC942}") = "Lab3", "Lab3\Lab3.vcxproj", "{F59699A3-BDA1-4794-9A20-D347A9C070D0}"
EndProject
Project("{888888A0-9F3D-457C-B088-3A5042F75D52}") = "lab_4", "lab_4\lab_4.pyproj", "{1E34EDC5-4E67-401F-AA57-194711264615}"
EndProject
Project("{8BC9CEB8-8B4A-11D0-8D11-00A0C91BC942}") = "Lab4", "Lab4\Lab4.vcxproj", "{1A9E6F11-22A2-4504-9988-443D7AC896CA}"
EndProject
Project("{888888A0-9F3D-457C-B088-3A5042F75D52}") = "lab_5", "lab_5\lab_5.pyproj", "{9A95D4E5-A946-4901-A21A-83B7697DFD2F}"
EndProject
Project("{8BC9CEB8-8B4A-11D0-8D11-00A0C91BC942}") = "Lab5", "Lab5\Lab5.vcxproj", "{4C56D390-8861-48D6-BAC1-14EFA75CD6DF}"
EndProject
Project("{888888A0-9F3D-457C-B088-3A5042F75D52}") = "lab_3", "lab_3\lab_3.pyproj", "{D4FFCDA2-C667-400A-B4F6-DAEAD68F1321}"
EndProject
Project("{888888A0-9F3D-457C-B088-3A5042F75D52}") = "lab_6", "lab_6\lab_6.pyproj", "{D817DEA3-08DF-4D9C-8E5F-4AA63FEA6179}"
EndProject
Project("{8BC9CEB8-8B4A-11D0-8D11-00A0C91BC942}") = "Lab6", "Lab6\Lab6.vcxproj", "{6938BDEF-2848-4292-BCDF-CBFC0F357EA1}"
EndProject
Project("{8BC9CEB8-8B4A-11D0-8D11-00A0C91BC942}") = "Lab7", "Lab7\Lab7.vcxproj", "{2C747936-472C-4B20-9601-9837412F9BAD}"
EndProject
Project("{8BC9CEB8-8B4A-11D0-8D11-00A0C91BC942}") = "Lab8", "Lab8\Lab8.vcxproj", "{8DCEFD35-DF09-47E3-ABE5-258B945EEE7E}"
EndProject
Global
	GlobalSection(SolutionConfigurationPlatforms) = preSolution
		Debug|Any CPU = Debug|Any CPU
		Debug|x64 = Debug|x64
		Debug|x86 = Debug|x86
		Release|Any CPU = Release|Any CPU
		Release|x64 = Release|x64
		Release|x86 = Release|x86
	EndGlobalSection
	GlobalSection(ProjectConfigurationPlatforms) = postSolution
		{9198E6DF-C26F-4069-942A-ADD1972E4823}.Debug|Any CPU.ActiveCfg = Debug|Win32
		{9198E6DF-C26F-4069-942A-ADD1972E4823}.Debug|x64.ActiveCfg = Debug|x64
		{9198E6DF-C26F-4069-942A-ADD1972E4823}.Debug|x64.Build.0 = Debug|x64
		{9198E6DF-C26F-4069-942A-ADD1972E4823}.Debug|x86.ActiveCfg = Debug|Win32
		{9198E6DF-C26F-4069-942A-ADD1972E4823}.Debug|x86.Build.0 = Debug|Win32
		{9198E6DF-C26F-4069-942A-ADD1972E4823}.Release|Any CPU.ActiveCfg = Release|Win32
		{9198E6DF-C26F-4069-942A-ADD1972E4823}.Release|x64.ActiveCfg = Release|x64
		{9198E6DF-C26F-4069-942A-ADD1972E4823}.Release|x64.Build.0 = Release|x64
		{9198E6DF-C26F-4069-942A-ADD1972E4823}.Release|x86.ActiveCfg = Release|Win32
		{9198E6DF-C26F-4069-942A-ADD1972E4823}.Release|x86.Build.0 = Release|Win32
		{76D9B9FD-6F3F-4DDC-92DC-897E48E54645}.Debug|Any CPU.ActiveCfg = Debug|Win32
		{76D9B9FD-6F3F-4DDC-92DC-897E48E54645}.Debug|x64.ActiveCfg = Debug|x64
		{76D9B9FD-6F3F-4DDC-92DC-897E48E54645}.Debug|x64.Build.0 = Debug|x64
		{76D9B9FD-6F3F-4DDC-92DC-897E48E54645}.Debug|x86.ActiveCfg = Debug|Win32
		{76D9B9FD-6F3F-4DDC-92DC-897E48E54645}.Debug|x86.Build.0 = Debug|Win32
		{76D9B9FD-6F3F-4DDC-92DC-897E48E54645}.Release|Any CPU.ActiveCfg = Release|Win32
		{76D9B9FD-6F3F-4DDC-92DC-897E48E54645}.Release|x64.ActiveCfg = Release|x64
		{76D9B9FD-6F3F-4DDC-92DC-897E48E54645}.Release|x64.Build.0 = Release|x64
		{76D9B9FD-6F3F-4DDC-92DC-897E48E54645}.Release|x86.ActiveCfg = Release|Win32
		{76D9B9FD-6F3F-4DDC-92DC-897E48E54645}.Release|x86.Build.0 = Release|Win32
		{10D4403A-89B0-4FBF-BDEF-B4257DD0A774}.Debug|Any CPU.ActiveCfg = Debug|Any CPU
		{10D4403A-89B0-4FBF-BDEF-B4257DD0A774}.Debug|x64.ActiveCfg = Debug|Any CPU
		{10D4403A-89B0-4FBF-BDEF-B4257DD0A774}.Debug|x86.ActiveCfg = Debug|Any CPU
		{10D4403A-89B0-4FBF-BDEF-B4257DD0A774}.Release|Any CPU.ActiveCfg = Release|Any CPU
		{10D4403A-89B0-4FBF-BDEF-B4257DD0A774}.Release|x64.ActiveCfg = Release|Any CPU
		{10D4403A-89B0-4FBF-BDEF-B4257DD0A774}.Release|x86.ActiveCfg = Release|Any CPU
		{BC2D203D-480F-42BE-BBE0-8D4F5FE50D25}.Debug|Any CPU.ActiveCfg = Debug|Any CPU
		{BC2D203D-480F-42BE-BBE0-8D4F5FE50D25}.Debug|x64.ActiveCfg = Debug|Any CPU
		{BC2D203D-480F-42BE-BBE0-8D4F5FE50D25}.Debug|x86.ActiveCfg = Debug|Any CPU
		{BC2D203D-480F-42BE-BBE0-8D4F5FE50D25}.Release|Any CPU.ActiveCfg = Release|Any CPU
		{BC2D203D-480F-42BE-BBE0-8D4F5FE50D25}.Release|x64.ActiveCfg = Release|Any CPU
		{BC2D203D-480F-42BE-BBE0-8D4F5FE50D25}.Release|x86.ActiveCfg = Release|Any CPU
		{F59699A3-BDA1-4794-9A20-D347A9C070D0}.Debug|Any CPU.ActiveCfg = Debug|Win32
		{F59699A3-BDA1-4794-9A20-D347A9C070D0}.Debug|x64.ActiveCfg = Debug|x64
		{F59699A3-BDA1-4794-9A20-D347A9C070D0}.Debug|x64.Build.0 = Debug|x64
		{F59699A3-BDA1-4794-9A20-D347A9C070D0}.Debug|x86.ActiveCfg = Debug|Win32
		{F59699A3-BDA1-4794-9A20-D347A9C070D0}.Debug|x86.Build.0 = Debug|Win32
		{F59699A3-BDA1-4794-9A20-D347A9C070D0}.Release|Any CPU.ActiveCfg = Release|Win32
		{F59699A3-BDA1-4794-9A20-D347A9C070D0}.Release|x64.ActiveCfg = Release|x64
		{F59699A3-BDA1-4794-9A20-D347A9C070D0}.Release|x64.Build.0 = Release|x64
		{F59699A3-BDA1-4794-9A20-D347A9C070D0}.Release|x86.ActiveCfg = Release|Win32
		{F59699A3-BDA1-4794-9A20-D347A9C070D0}.Release|x86.Build.0 = Release|Win32
		{1E34EDC5-4E67-401F-AA57-194711264615}.Debug|Any CPU.ActiveCfg = Debug|Any CPU
		{1E34EDC5-4E67-401F-AA57-194711264615}.Debug|x64.ActiveCfg = Debug|Any CPU
		{1E34EDC5-4E67-401F-AA57-194711264615}.Debug|x86.ActiveCfg = Debug|Any CPU
		{1E34EDC5-4E67-401F-AA57-194711264615}.Release|Any CPU.ActiveCfg = Release|Any CPU
		{1E34EDC5-4E67-401F-AA57-194711264615}.Release|x64.ActiveCfg = Release|Any CPU
		{1E34EDC5-4E67-401F-AA57-194711264615}.Release|x86.ActiveCfg = Release|Any CPU
		{1A9E6F11-22A2-4504-9988-443D7AC896CA}.Debug|Any CPU.ActiveCfg = Debug|Win32
		{1A9E6F11-22A2-4504-9988-443D7AC896CA}.Debug|x64.ActiveCfg = Debug|x64
		{1A9E6F11-22A2-4504-9988-443D7AC896CA}.Debug|x64.Build.0 = Debug|x64
		{1A9E6F11-22A2-4504-9988-443D7AC896CA}.Debug|x86.ActiveCfg = Debug|Win32
		{1A9E6F11-22A2-4504-9988-443D7AC896CA}.Debug|x86.Build.0 = Debug|Win32
		{1A9E6F11-22A2-4504-9988-443D7AC896CA}.Release|Any CPU.ActiveCfg = Release|Win32
		{1A9E6F11-22A2-4504-9988-443D7AC896CA}.Release|x64.ActiveCfg = Release|x64
		{1A9E6F11-22A2-4504-9988-443D7AC896CA}.Release|x64.Build.0 = Release|x64
		{1A9E6F11-22A2-4504-9988-443D7AC896CA}.Release|x86.ActiveCfg = Release|Win32
		{1A9E6F11-22A2-4504-9988-443D7AC896CA}.Release|x86.Build.0 = Release|Win32
		{9A95D4E5-A946-4901-A21A-83B7697DFD2F}.Debug|Any CPU.ActiveCfg = Debug|Any CPU
		{9A95D4E5-A946-4901-A21A-83B7697DFD2F}.Debug|x64.ActiveCfg = Debug|Any CPU
		{9A95D4E5-A946-4901-A21A-83B7697DFD2F}.Debug|x86.ActiveCfg = Debug|Any CPU
		{9A95D4E5-A946-4901-A21A-83B7697DFD2F}.Release|Any CPU.ActiveCfg = Release|Any CPU
		{9A95D4E5-A946-4901-A21A-83B7697DFD2F}.Release|x64.ActiveCfg = Release|Any CPU
		{9A95D4E5-A946-4901-A21A-83B7697DFD2F}.Release|x86.ActiveCfg = Release|Any CPU
		{4C56D390-8861-48D6-BAC1-14EFA75CD6DF}.Debug|Any CPU.ActiveCfg = Debug|Win32
		{4C56D390-8861-48D6-BAC1-14EFA75CD6DF}.Debug|x64.ActiveCfg = Debug|x64
		{4C56D390-8861-48D6-BAC1-14EFA75CD6DF}.Debug|x64.Build.0 = Debug|x64
		{4C56D390-8861-48D6-BAC1-14EFA75CD6DF}.Debug|x86.ActiveCfg = Debug|Win32
		{4C56D390-8861-48D6-BAC1-14EFA75CD6DF}.Debug|x86.Build.0 = Debug|Win32
		{4C56D390-8861-48D6-BAC1-14EFA75CD6DF}.Release|Any CPU.ActiveCfg = Release|Win32
		{4C56D390-8861-48D6-BAC1-14EFA75CD6DF}.Release|x64.ActiveCfg = Release|x64
		{4C56D390-8861-48D6-BAC1-14EFA75CD6DF}.Release|x64.Build.0 = Release|x64
		{4C56D390-8861-48D6-BAC1-14EFA75CD6DF}.Release|x86.ActiveCfg = Release|Win32
		{4C56D390-8861-48D6-BAC1-14EFA75CD6DF}.Release|x86.Build.0 = Release|Win32
		{D4FFCDA2-C667-400A-B4F6-DAEAD68F1321}.Debug|Any CPU.ActiveCfg = Debug|Any CPU
		{D4FFCDA2-C667-400A-B4F6-DAEAD68F1321}.Debug|x64.ActiveCfg = Debug|Any CPU
		{D4FFCDA2-C667-400A-B4F6-DAEAD68F1321}.Debug|x86.ActiveCfg = Debug|Any CPU
		{D4FFCDA2-C667-400A-B4F6-DAEAD68F1321}.Release|Any CPU.ActiveCfg = Release|Any CPU
		{D4FFCDA2-C667-400A-B4F6-DAEAD68F1321}.Release|x64.ActiveCfg = Release|Any CPU
		{D4FFCDA2-C667-400A-B4F6-DAEAD68F1321}.Release|x86.ActiveCfg = Release|Any CPU
		{D817DEA3-08DF-4D9C-8E5F-4AA63FEA6179}.Debug|Any CPU.ActiveCfg = Debug|Any CPU
		{D817DEA3-08DF-4D9C-8E5F-4AA63FEA6179}.Debug|x64.ActiveCfg = Debug|Any CPU
		{D817DEA3-08DF-4D9C-8E5F-4AA63FEA6179}.Debug|x86.ActiveCfg = Debug|Any CPU
		{D817DEA3-08DF-4D9C-8E5F-4AA63FEA6179}.Release|Any CPU.ActiveCfg = Release|Any CPU
		{D817DEA3-08DF-4D9C-8E5F-4AA63FEA6179}.Release|x64.ActiveCfg = Release|Any CPU
		{D817DEA3-08DF-4D9C-8E5F-4AA63FEA6179}.Release|x86.ActiveCfg = Release|Any CPU
		{6938BDEF-2848-4292-BCDF-CBFC0F357EA1}.Debug|Any CPU.ActiveCfg = Debug|Win32
		{6938BDEF-2848-4292-BCDF-CBFC0F357EA1}.Debug|x64.ActiveCfg = Debug|x64
		{6938BDEF-2848-4292-BCDF-CBFC0F357EA1}.Debug|x64.Build.0 = Debug|x64
		{6938BDEF-2848-4292-BCDF-CBFC0F357EA1}.Debug|x86.ActiveCfg = Debug|Win32
		{6938BDEF-2848-4292-BCDF-CBFC0F357EA1}.Debug|x86.Build.0 = Debug|Win32
		{6938BDEF-2848-4292-BCDF-CBFC0F357EA1}.Release|Any CPU.ActiveCfg = Release|Win32
		{6938BDEF-2848-4292-BCDF-CBFC0F357EA1}.Release|x64.ActiveCfg = Release|x64
		{6938BDEF-2848-4292-BCDF-CBFC0F357EA1}.Release|x64.Build.0 = Release|x64
		{6938BDEF-2848-4292-BCDF-CBFC0F357EA1}.Release|x86.ActiveCfg = Release|Win32
		{6938BDEF-2848-4292-BCDF-CBFC0F357EA1}.Release|x86.Build.0 = Release|Win32
		{2C747936-472C-4B20-9601-9837412F9BAD}.Debug|Any CPU.ActiveCfg = Debug|Win32
		{2C747936-472C-4B20-9601-9837412F9BAD}.Debug|x64.ActiveCfg = Debug|x64
		{2C747936-472C-4B20-9601-9837412F9BAD}.Debug|x64.Build.0 = Debug|x64
		{2C747936-472C-4B20-9601-9837412F9BAD}.Debug|x86.ActiveCfg = Debug|Win32
		{2C747936-472C-4B20-9601-9837412F9BAD}.Debug|x86.Build.0 = Debug|Win32
		{2C747936-472C-4B20-9601-9837412F9BAD}.Release|Any CPU.ActiveCfg = Release|Win32
		{2C747936-472C-4B20-9601-9837412F9BAD}.Release|x64.ActiveCfg = Release|x64
		{2C747936-472C-4B20-9601-9837412F9BAD}.Release|x64.Build.0 = Release|x64
		{2C747936-472C-4B20-9601-9837412F9BAD}.Release|x86.ActiveCfg = Release|Win32
		{2C747936-472C-4B20-9601-9837412F9BAD}.Release|x86.Build.0 = Release|Win32
		{8DCEFD35-DF09-47E3-ABE5-258B945EEE7E}.Debug|Any CPU.ActiveCfg = Debug|Win32
		{8DCEFD35-DF09-47E3-ABE5-258B945EEE7E}.Debug|x64.ActiveCfg = Debug|x64
		{8DCEFD35-DF09-47E3-ABE5-258B945EEE7E}.Debug|x64.Build.0 = Debug|x64
		{8DCEFD35-DF09-47E3-ABE5-258B945EEE7E}.Debug|x86.ActiveCfg = Debug|Win32
		{8DCEFD35-DF09-47E3-ABE5-258B945EEE7E}.Debug|x86.Build.0 = Debug|Win32
		{8DCEFD35-DF09-47E3-ABE5-258B945EEE7E}.Release|Any CPU.ActiveCfg = Release|Win32
		{8DCEFD35-DF09-47E3-ABE5-258B945EEE7E}.Release|x64.ActiveCfg = Release|x64
		{8DCEFD35-DF09-47E3-ABE5-258B945EEE7E}.Release|x64.Build.0 = Release|x64
		{8DCEFD35-DF09-47E3-ABE5-258B945EEE7E}.Release|x86.ActiveCfg = Release|Win32
		{8DCEFD35-DF09-47E3-ABE5-258B945EEE7E}.Release|x86.Build.0 = Release|Win32
	EndGlobalSection
	GlobalSection(SolutionProperties) = preSolution
		HideSolutionNode = FALSE
	EndGlobalSection
	GlobalSection(ExtensibilityGlobals) = postSolution
		SolutionGuid = {2614AD21-B810-4146-ADE0-DB177F6C2B85}
	EndGlobalSection
EndGlobal
